
Microsoft Visual Studio Solution File, Format Version 11.00
# Visual Studio 2010
Project("{FAE04EC0-301F-11D3-BF4B-00C04F79EFBC}") = "Dimension", "Assembly-CSharp.csproj", "{6FD30622-B1D7-7B5C-6421-484A5F24C06F}"
EndProject
Global
	GlobalSection(SolutionConfigurationPlatforms) = preSolution
		Debug|Any CPU = Debug|Any CPU
		Release|Any CPU = Release|Any CPU
	EndGlobalSection
	GlobalSection(ProjectConfigurationPlatforms) = postSolution
		{6FD30622-B1D7-7B5C-6421-484A5F24C06F}.Debug|Any CPU.ActiveCfg = Debug|Any CPU
		{6FD30622-B1D7-7B5C-6421-484A5F24C06F}.Debug|Any CPU.Build.0 = Debug|Any CPU
		{6FD30622-B1D7-7B5C-6421-484A5F24C06F}.Release|Any CPU.ActiveCfg = Release|Any CPU
		{6FD30622-B1D7-7B5C-6421-484A5F24C06F}.Release|Any CPU.Build.0 = Release|Any CPU
	EndGlobalSection
	GlobalSection(SolutionProperties) = preSolution
		HideSolutionNode = FALSE
	EndGlobalSection
	GlobalSection(MonoDevelopProperties) = preSolution
		StartupItem = Assembly-CSharp.csproj
	EndGlobalSection
EndGlobal
